// !$*UTF8*$!
{
	archiveVersion = 1;
	classes = {
	};
	objectVersion = 48;
	objects = {

/* Begin PBXBuildFile section */
		72DE4F391F986EEB0098C705 /* AppDelegate.swift in Sources */ = {isa = PBXBuildFile; fileRef = 72DE4F381F986EEB0098C705 /* AppDelegate.swift */; };
		72DE4F3B1F986EEB0098C705 /* ViewController.swift in Sources */ = {isa = PBXBuildFile; fileRef = 72DE4F3A1F986EEB0098C705 /* ViewController.swift */; };
		72DE4F3E1F986EEB0098C705 /* Main.storyboard in Resources */ = {isa = PBXBuildFile; fileRef = 72DE4F3C1F986EEB0098C705 /* Main.storyboard */; };
		72DE4F401F986EEB0098C705 /* Assets.xcassets in Resources */ = {isa = PBXBuildFile; fileRef = 72DE4F3F1F986EEB0098C705 /* Assets.xcassets */; };
		72DE4F431F986EEB0098C705 /* LaunchScreen.storyboard in Resources */ = {isa = PBXBuildFile; fileRef = 72DE4F411F986EEB0098C705 /* LaunchScreen.storyboard */; };
/* End PBXBuildFile section */

/* Begin PBXFileReference section */
		72DE4F351F986EEB0098C705 /* Babylon demo project.app */ = {isa = PBXFileReference; explicitFileType = wrapper.application; includeInIndex = 0; path = "Babylon demo project.app"; sourceTree = BUILT_PRODUCTS_DIR; };
		72DE4F381F986EEB0098C705 /* AppDelegate.swift */ = {isa = PBXFileReference; lastKnownFileType = sourcecode.swift; path = AppDelegate.swift; sourceTree = "<group>"; };
		72DE4F3A1F986EEB0098C705 /* ViewController.swift */ = {isa = PBXFileReference; lastKnownFileType = sourcecode.swift; path = ViewController.swift; sourceTree = "<group>"; };
		72DE4F3D1F986EEB0098C705 /* Base */ = {isa = PBXFileReference; lastKnownFileType = file.storyboard; name = Base; path = Base.lproj/Main.storyboard; sourceTree = "<group>"; };
		72DE4F3F1F986EEB0098C705 /* Assets.xcassets */ = {isa = PBXFileReference; lastKnownFileType = folder.assetcatalog; path = Assets.xcassets; sourceTree = "<group>"; };
		72DE4F421F986EEB0098C705 /* Base */ = {isa = PBXFileReference; lastKnownFileType = file.storyboard; name = Base; path = Base.lproj/LaunchScreen.storyboard; sourceTree = "<group>"; };
		72DE4F441F986EEB0098C705 /* Info.plist */ = {isa = PBXFileReference; lastKnownFileType = text.plist.xml; path = Info.plist; sourceTree = "<group>"; };
/* End PBXFileReference section */

/* Begin PBXFrameworksBuildPhase section */
		72DE4F321F986EEB0098C705 /* Frameworks */ = {
			isa = PBXFrameworksBuildPhase;
			buildActionMask = 2147483647;
			files = (
			);
			runOnlyForDeploymentPostprocessing = 0;
		};
/* End PBXFrameworksBuildPhase section */

/* Begin PBXGroup section */
		72DE4F2C1F986EEB0098C705 = {
			isa = PBXGroup;
			children = (
				72DE4F371F986EEB0098C705 /* Babylon demo project */,
				72DE4F361F986EEB0098C705 /* Products */,
			);
			sourceTree = "<group>";
		};
		72DE4F361F986EEB0098C705 /* Products */ = {
			isa = PBXGroup;
			children = (
				72DE4F351F986EEB0098C705 /* Babylon demo project.app */,
			);
			name = Products;
			sourceTree = "<group>";
		};
		72DE4F371F986EEB0098C705 /* Babylon demo project */ = {
			isa = PBXGroup;
			children = (
				72DE4F381F986EEB0098C705 /* AppDelegate.swift */,
				72DE4F3A1F986EEB0098C705 /* ViewController.swift */,
				72DE4F3C1F986EEB0098C705 /* Main.storyboard */,
				72DE4F3F1F986EEB0098C705 /* Assets.xcassets */,
				72DE4F411F986EEB0098C705 /* LaunchScreen.storyboard */,
				72DE4F441F986EEB0098C705 /* Info.plist */,
			);
			path = "Babylon demo project";
			sourceTree = "<group>";
		};
/* End PBXGroup section */

/* Begin PBXNativeTarget section */
		72DE4F341F986EEB0098C705 /* Babylon demo project */ = {
			isa = PBXNativeTarget;
			buildConfigurationList = 72DE4F471F986EEB0098C705 /* Build configuration list for PBXNativeTarget "Babylon demo project" */;
			buildPhases = (
				72DE4F311F986EEB0098C705 /* Sources */,
				72DE4F321F986EEB0098C705 /* Frameworks */,
				72DE4F331F986EEB0098C705 /* Resources */,
			);
			buildRules = (
			);
			dependencies = (
			);
			name = "Babylon demo project";
			productName = "Babylon demo project";
			productReference = 72DE4F351F986EEB0098C705 /* Babylon demo project.app */;
			productType = "com.apple.product-type.application";
		};
/* End PBXNativeTarget section */

/* Begin PBXProject section */
		72DE4F2D1F986EEB0098C705 /* Project object */ = {
			isa = PBXProject;
			attributes = {
				LastSwiftUpdateCheck = 0900;
				LastUpgradeCheck = 0900;
				ORGANIZATIONNAME = "Zhu xiaojin";
				TargetAttributes = {
					72DE4F341F986EEB0098C705 = {
						CreatedOnToolsVersion = 9.0;
						ProvisioningStyle = Automatic;
					};
				};
			};
			buildConfigurationList = 72DE4F301F986EEB0098C705 /* Build configuration list for PBXProject "Babylon demo project" */;
			compatibilityVersion = "Xcode 8.0";
			developmentRegion = en;
			hasScannedForEncodings = 0;
			knownRegions = (
				en,
				Base,
			);
			mainGroup = 72DE4F2C1F986EEB0098C705;
			productRefGroup = 72DE4F361F986EEB0098C705 /* Products */;
			projectDirPath = "";
			projectRoot = "";
			targets = (
				72DE4F341F986EEB0098C705 /* Babylon demo project */,
			);
		};
/* End PBXProject section */

/* Begin PBXResourcesBuildPhase section */
		72DE4F331F986EEB0098C705 /* Resources */ = {
			isa = PBXResourcesBuildPhase;
			buildActionMask = 2147483647;
			files = (
				72DE4F431F986EEB0098C705 /* LaunchScreen.storyboard in Resources */,
				72DE4F401F986EEB0098C705 /* Assets.xcassets in Resources */,
				72DE4F3E1F986EEB0098C705 /* Main.storyboard in Resources */,
			);
			runOnlyForDeploymentPostprocessing = 0;
		};
/* End PBXResourcesBuildPhase section */

/* Begin PBXSourcesBuildPhase section */
		72DE4F311F986EEB0098C705 /* Sources */ = {
			isa = PBXSourcesBuildPhase;
			buildActionMask = 2147483647;
			files = (
				72DE4F3B1F986EEB0098C705 /* ViewController.swift in Sources */,
				72DE4F391F986EEB0098C705 /* AppDelegate.swift in Sources */,
			);
			runOnlyForDeploymentPostprocessing = 0;
		};
/* End PBXSourcesBuildPhase section */

/* Begin PBXVariantGroup section */
		72DE4F3C1F986EEB0098C705 /* Main.storyboard */ = {
			isa = PBXVariantGroup;
			children = (
				72DE4F3D1F986EEB0098C705 /* Base */,
			);
			name = Main.storyboard;
			sourceTree = "<group>";
		};
		72DE4F411F986EEB0098C705 /* LaunchScreen.storyboard */ = {
			isa = PBXVariantGroup;
			children = (
				72DE4F421F986EEB0098C705 /* Base */,
			);
			name = LaunchScreen.storyboard;
			sourceTree = "<group>";
		};
/* End PBXVariantGroup section */

/* Begin XCBuildConfiguration section */
		72DE4F451F986EEB0098C705 /* Debug */ = {
			isa = XCBuildConfiguration;
			buildSettings = {
				ALWAYS_SEARCH_USER_PATHS = NO;
				CLANG_ANALYZER_NONNULL = YES;
				CLANG_ANALYZER_NUMBER_OBJECT_CONVERSION = YES_AGGRESSIVE;
				CLANG_CXX_LANGUAGE_STANDARD = "gnu++14";
				CLANG_CXX_LIBRARY = "libc++";
				CLANG_ENABLE_MODULES = YES;
				CLANG_ENABLE_OBJC_ARC = YES;
				CLANG_WARN_BLOCK_CAPTURE_AUTORELEASING = YES;
				CLANG_WARN_BOOL_CONVERSION = YES;
				CLANG_WARN_COMMA = YES;
				CLANG_WARN_CONSTANT_CONVERSION = YES;
				CLANG_WARN_DIRECT_OBJC_ISA_USAGE = YES_ERROR;
				CLANG_WARN_DOCUMENTATION_COMMENTS = YES;
				CLANG_WARN_EMPTY_BODY = YES;
				CLANG_WARN_ENUM_CONVERSION = YES;
				CLANG_WARN_INFINITE_RECURSION = YES;
				CLANG_WARN_INT_CONVERSION = YES;
				CLANG_WARN_NON_LITERAL_NULL_CONVERSION = YES;
				CLANG_WARN_OBJC_LITERAL_CONVERSION = YES;
				CLANG_WARN_OBJC_ROOT_CLASS = YES_ERROR;
				CLANG_WARN_RANGE_LOOP_ANALYSIS = YES;
				CLANG_WARN_STRICT_PROTOTYPES = YES;
				CLANG_WARN_SUSPICIOUS_MOVE = YES;
				CLANG_WARN_UNGUARDED_AVAILABILITY = YES_AGGRESSIVE;
				CLANG_WARN_UNREACHABLE_CODE = YES;
				CLANG_WARN__DUPLICATE_METHOD_MATCH = YES;
				CODE_SIGN_IDENTITY = "iPhone Developer";
				COPY_PHASE_STRIP = NO;
				DEBUG_INFORMATION_FORMAT = dwarf;
				ENABLE_STRICT_OBJC_MSGSEND = YES;
				ENABLE_TESTABILITY = YES;
				GCC_C_LANGUAGE_STANDARD = gnu11;
				GCC_DYNAMIC_NO_PIC = NO;
				GCC_NO_COMMON_BLOCKS = YES;
				GCC_OPTIMIZATION_LEVEL = 0;
				GCC_PREPROCESSOR_DEFINITIONS = (
					"DEBUG=1",
					"$(inherited)",
				);
				GCC_WARN_64_TO_32_BIT_CONVERSION = YES;
				GCC_WARN_ABOUT_RETURN_TYPE = YES_ERROR;
				GCC_WARN_UNDECLARED_SELECTOR = YES;
				GCC_WARN_UNINITIALIZED_AUTOS = YES_AGGRESSIVE;
				GCC_WARN_UNUSED_FUNCTION = YES;
				GCC_WARN_UNUSED_VARIABLE = YES;
				IPHONEOS_DEPLOYMENT_TARGET = 11.0;
				MTL_ENABLE_DEBUG_INFO = YES;
				ONLY_ACTIVE_ARCH = YES;
				SDKROOT = iphoneos;
				SWIFT_ACTIVE_COMPILATION_CONDITIONS = DEBUG;
				SWIFT_OPTIMIZATION_LEVEL = "-Onone";
			};
			name = Debug;
		};
		72DE4F461F986EEB0098C705 /* Release */ = {
			isa = XCBuildConfiguration;
			buildSettings = {
				ALWAYS_SEARCH_USER_PATHS = NO;
				CLANG_ANALYZER_NONNULL = YES;
				CLANG_ANALYZER_NUMBER_OBJECT_CONVERSION = YES_AGGRESSIVE;
				CLANG_CXX_LANGUAGE_STANDARD = "gnu++14";
				CLANG_CXX_LIBRARY = "libc++";
				CLANG_ENABLE_MODULES = YES;
				CLANG_ENABLE_OBJC_ARC = YES;
				CLANG_WARN_BLOCK_CAPTURE_AUTORELEASING = YES;
				CLANG_WARN_BOOL_CONVERSION = YES;
				CLANG_WARN_COMMA = YES;
				CLANG_WARN_CONSTANT_CONVERSION = YES;
				CLANG_WARN_DIRECT_OBJC_ISA_USAGE = YES_ERROR;
				CLANG_WARN_DOCUMENTATION_COMMENTS = YES;
				CLANG_WARN_EMPTY_BODY = YES;
				CLANG_WARN_ENUM_CONVERSION = YES;
				CLANG_WARN_INFINITE_RECURSION = YES;
				CLANG_WARN_INT_CONVERSION = YES;
				CLANG_WARN_NON_LITERAL_NULL_CONVERSION = YES;
				CLANG_WARN_OBJC_LITERAL_CONVERSION = YES;
				CLANG_WARN_OBJC_ROOT_CLASS = YES_ERROR;
				CLANG_WARN_RANGE_LOOP_ANALYSIS = YES;
				CLANG_WARN_STRICT_PROTOTYPES = YES;
				CLANG_WARN_SUSPICIOUS_MOVE = YES;
				CLANG_WARN_UNGUARDED_AVAILABILITY = YES_AGGRESSIVE;
				CLANG_WARN_UNREACHABLE_CODE = YES;
				CLANG_WARN__DUPLICATE_METHOD_MATCH = YES;
				CODE_SIGN_IDENTITY = "iPhone Developer";
				COPY_PHASE_STRIP = NO;
				DEBUG_INFORMATION_FORMAT = "dwarf-with-dsym";
				ENABLE_NS_ASSERTIONS = NO;
				ENABLE_STRICT_OBJC_MSGSEND = YES;
				GCC_C_LANGUAGE_STANDARD = gnu11;
				GCC_NO_COMMON_BLOCKS = YES;
				GCC_WARN_64_TO_32_BIT_CONVERSION = YES;
				GCC_WARN_ABOUT_RETURN_TYPE = YES_ERROR;
				GCC_WARN_UNDECLARED_SELECTOR = YES;
				GCC_WARN_UNINITIALIZED_AUTOS = YES_AGGRESSIVE;
				GCC_WARN_UNUSED_FUNCTION = YES;
				GCC_WARN_UNUSED_VARIABLE = YES;
				IPHONEOS_DEPLOYMENT_TARGET = 11.0;
				MTL_ENABLE_DEBUG_INFO = NO;
				SDKROOT = iphoneos;
				SWIFT_OPTIMIZATION_LEVEL = "-Owholemodule";
				VALIDATE_PRODUCT = YES;
			};
			name = Release;
		};
		72DE4F481F986EEB0098C705 /* Debug */ = {
			isa = XCBuildConfiguration;
			buildSettings = {
				ASSETCATALOG_COMPILER_APPICON_NAME = AppIcon;
				CODE_SIGN_STYLE = Automatic;
				DEVELOPMENT_TEAM = 5PZLNY7S48;
				INFOPLIST_FILE = "Babylon demo project/Info.plist";
				LD_RUNPATH_SEARCH_PATHS = "$(inherited) @executable_path/Frameworks";
				PRODUCT_BUNDLE_IDENTIFIER = "ch.Babylon-demo-project";
				PRODUCT_NAME = "$(TARGET_NAME)";
				SWIFT_VERSION = 4.0;
				TARGETED_DEVICE_FAMILY = "1,2";
			};
			name = Debug;
		};
		72DE4F491F986EEB0098C705 /* Release */ = {
			isa = XCBuildConfiguration;
			buildSettings = {
				ASSETCATALOG_COMPILER_APPICON_NAME = AppIcon;
				CODE_SIGN_STYLE = Automatic;
				DEVELOPMENT_TEAM = 5PZLNY7S48;
				INFOPLIST_FILE = "Babylon demo project/Info.plist";
				LD_RUNPATH_SEARCH_PATHS = "$(inherited) @executable_path/Frameworks";
				PRODUCT_BUNDLE_IDENTIFIER = "ch.Babylon-demo-project";
				PRODUCT_NAME = "$(TARGET_NAME)";
				SWIFT_VERSION = 4.0;
				TARGETED_DEVICE_FAMILY = "1,2";
			};
			name = Release;
		};
/* End XCBuildConfiguration section */

/* Begin XCConfigurationList section */
		72DE4F301F986EEB0098C705 /* Build configuration list for PBXProject "Babylon demo project" */ = {
			isa = XCConfigurationList;
			buildConfigurations = (
				72DE4F451F986EEB0098C705 /* Debug */,
				72DE4F461F986EEB0098C705 /* Release */,
			);
			defaultConfigurationIsVisible = 0;
			defaultConfigurationName = Release;
		};
		72DE4F471F986EEB0098C705 /* Build configuration list for PBXNativeTarget "Babylon demo project" */ = {
			isa = XCConfigurationList;
			buildConfigurations = (
				72DE4F481F986EEB0098C705 /* Debug */,
				72DE4F491F986EEB0098C705 /* Release */,
			);
			defaultConfigurationIsVisible = 0;
			defaultConfigurationName = Release;
		};
/* End XCConfigurationList section */
	};
	rootObject = 72DE4F2D1F986EEB0098C705 /* Project object */;
}
