// !$*UTF8*$!
{
	archiveVersion = 1;
	classes = {
	};
	objectVersion = 48;
	objects = {

/* Begin PBXBuildFile section */
		5BB5CA36AE7D81C01E0FD27E /* Pods_Babylon_demo_project.framework in Frameworks */ = {isa = PBXBuildFile; fileRef = AFB886F5EEE65E3DFB386241 /* Pods_Babylon_demo_project.framework */; };
		72DE4F391F986EEB0098C705 /* AppDelegate.swift in Sources */ = {isa = PBXBuildFile; fileRef = 72DE4F381F986EEB0098C705 /* AppDelegate.swift */; };
		72DE4F3E1F986EEB0098C705 /* Main.storyboard in Resources */ = {isa = PBXBuildFile; fileRef = 72DE4F3C1F986EEB0098C705 /* Main.storyboard */; };
		72DE4F401F986EEB0098C705 /* Assets.xcassets in Resources */ = {isa = PBXBuildFile; fileRef = 72DE4F3F1F986EEB0098C705 /* Assets.xcassets */; };
		72DE4F431F986EEB0098C705 /* LaunchScreen.storyboard in Resources */ = {isa = PBXBuildFile; fileRef = 72DE4F411F986EEB0098C705 /* LaunchScreen.storyboard */; };
		72DE4F4C1F986F940098C705 /* PostTableViewController.swift in Sources */ = {isa = PBXBuildFile; fileRef = 72DE4F4A1F986F940098C705 /* PostTableViewController.swift */; };
		72DE4F511F9870520098C705 /* Podfile in Resources */ = {isa = PBXBuildFile; fileRef = 72DE4F501F9870520098C705 /* Podfile */; };
		72DE4F531F9873EE0098C705 /* Post.swift in Sources */ = {isa = PBXBuildFile; fileRef = 72DE4F521F9873EE0098C705 /* Post.swift */; };
		72DE4F781FA5DD0D0098C705 /* Users.swift in Sources */ = {isa = PBXBuildFile; fileRef = 72DE4F771FA5DD0D0098C705 /* Users.swift */; };
		72DE4F7A1FA708320098C705 /* NetworkService.swift in Sources */ = {isa = PBXBuildFile; fileRef = 72DE4F791FA708320098C705 /* NetworkService.swift */; };
		72DE4F7C1FA727BA0098C705 /* Comments.swift in Sources */ = {isa = PBXBuildFile; fileRef = 72DE4F7B1FA727BA0098C705 /* Comments.swift */; };
/* End PBXBuildFile section */

/* Begin PBXFileReference section */
		72DE4F351F986EEB0098C705 /* Babylon demo project.app */ = {isa = PBXFileReference; explicitFileType = wrapper.application; includeInIndex = 0; path = "Babylon demo project.app"; sourceTree = BUILT_PRODUCTS_DIR; };
		72DE4F381F986EEB0098C705 /* AppDelegate.swift */ = {isa = PBXFileReference; lastKnownFileType = sourcecode.swift; path = AppDelegate.swift; sourceTree = "<group>"; };
		72DE4F3D1F986EEB0098C705 /* Base */ = {isa = PBXFileReference; lastKnownFileType = file.storyboard; name = Base; path = Base.lproj/Main.storyboard; sourceTree = "<group>"; };
		72DE4F3F1F986EEB0098C705 /* Assets.xcassets */ = {isa = PBXFileReference; lastKnownFileType = folder.assetcatalog; path = Assets.xcassets; sourceTree = "<group>"; };
		72DE4F421F986EEB0098C705 /* Base */ = {isa = PBXFileReference; lastKnownFileType = file.storyboard; name = Base; path = Base.lproj/LaunchScreen.storyboard; sourceTree = "<group>"; };
		72DE4F441F986EEB0098C705 /* Info.plist */ = {isa = PBXFileReference; lastKnownFileType = text.plist.xml; path = Info.plist; sourceTree = "<group>"; };
		72DE4F4A1F986F940098C705 /* PostTableViewController.swift */ = {isa = PBXFileReference; lastKnownFileType = sourcecode.swift; path = PostTableViewController.swift; sourceTree = "<group>"; };
		72DE4F501F9870520098C705 /* Podfile */ = {isa = PBXFileReference; lastKnownFileType = text; path = Podfile; sourceTree = "<group>"; xcLanguageSpecificationIdentifier = xcode.lang.ruby; };
		72DE4F521F9873EE0098C705 /* Post.swift */ = {isa = PBXFileReference; lastKnownFileType = sourcecode.swift; path = Post.swift; sourceTree = "<group>"; };
		72DE4F771FA5DD0D0098C705 /* Users.swift */ = {isa = PBXFileReference; lastKnownFileType = sourcecode.swift; path = Users.swift; sourceTree = "<group>"; };
		72DE4F791FA708320098C705 /* NetworkService.swift */ = {isa = PBXFileReference; lastKnownFileType = sourcecode.swift; path = NetworkService.swift; sourceTree = "<group>"; };
		72DE4F7B1FA727BA0098C705 /* Comments.swift */ = {isa = PBXFileReference; lastKnownFileType = sourcecode.swift; path = Comments.swift; sourceTree = "<group>"; };
		86C8856CD9D43B9F35206ED2 /* Pods-Babylon demo project.release.xcconfig */ = {isa = PBXFileReference; includeInIndex = 1; lastKnownFileType = text.xcconfig; name = "Pods-Babylon demo project.release.xcconfig"; path = "Pods/Target Support Files/Pods-Babylon demo project/Pods-Babylon demo project.release.xcconfig"; sourceTree = "<group>"; };
		AFB886F5EEE65E3DFB386241 /* Pods_Babylon_demo_project.framework */ = {isa = PBXFileReference; explicitFileType = wrapper.framework; includeInIndex = 0; path = Pods_Babylon_demo_project.framework; sourceTree = BUILT_PRODUCTS_DIR; };
		CAB8F5962E742EA18368CCDA /* Pods-Babylon demo project.debug.xcconfig */ = {isa = PBXFileReference; includeInIndex = 1; lastKnownFileType = text.xcconfig; name = "Pods-Babylon demo project.debug.xcconfig"; path = "Pods/Target Support Files/Pods-Babylon demo project/Pods-Babylon demo project.debug.xcconfig"; sourceTree = "<group>"; };
/* End PBXFileReference section */

/* Begin PBXFrameworksBuildPhase section */
		72DE4F321F986EEB0098C705 /* Frameworks */ = {
			isa = PBXFrameworksBuildPhase;
			buildActionMask = 2147483647;
			files = (
				5BB5CA36AE7D81C01E0FD27E /* Pods_Babylon_demo_project.framework in Frameworks */,
			);
			runOnlyForDeploymentPostprocessing = 0;
		};
/* End PBXFrameworksBuildPhase section */

/* Begin PBXGroup section */
		4DAD721FE06F38798C8F7E1D /* Pods */ = {
			isa = PBXGroup;
			children = (
				CAB8F5962E742EA18368CCDA /* Pods-Babylon demo project.debug.xcconfig */,
				86C8856CD9D43B9F35206ED2 /* Pods-Babylon demo project.release.xcconfig */,
			);
			name = Pods;
			sourceTree = "<group>";
		};
		72DE4F2C1F986EEB0098C705 = {
			isa = PBXGroup;
			children = (
				72DE4F501F9870520098C705 /* Podfile */,
				72DE4F371F986EEB0098C705 /* Babylon demo project */,
				72DE4F361F986EEB0098C705 /* Products */,
				4DAD721FE06F38798C8F7E1D /* Pods */,
				A543ED6081CCFDC908E8431B /* Frameworks */,
			);
			sourceTree = "<group>";
		};
		72DE4F361F986EEB0098C705 /* Products */ = {
			isa = PBXGroup;
			children = (
				72DE4F351F986EEB0098C705 /* Babylon demo project.app */,
			);
			name = Products;
			sourceTree = "<group>";
		};
		72DE4F371F986EEB0098C705 /* Babylon demo project */ = {
			isa = PBXGroup;
			children = (
				72DE4F791FA708320098C705 /* NetworkService.swift */,
				72DE4F761FA5D64C0098C705 /* Model */,
				72DE4F381F986EEB0098C705 /* AppDelegate.swift */,
				72DE4F3C1F986EEB0098C705 /* Main.storyboard */,
				72DE4F4A1F986F940098C705 /* PostTableViewController.swift */,
				72DE4F3F1F986EEB0098C705 /* Assets.xcassets */,
				72DE4F411F986EEB0098C705 /* LaunchScreen.storyboard */,
				72DE4F441F986EEB0098C705 /* Info.plist */,
			);
			path = "Babylon demo project";
			sourceTree = "<group>";
		};
		72DE4F761FA5D64C0098C705 /* Model */ = {
			isa = PBXGroup;
			children = (
				72DE4F7B1FA727BA0098C705 /* Comments.swift */,
				72DE4F521F9873EE0098C705 /* Post.swift */,
				72DE4F771FA5DD0D0098C705 /* Users.swift */,
			);
			path = Model;
			sourceTree = "<group>";
		};
		A543ED6081CCFDC908E8431B /* Frameworks */ = {
			isa = PBXGroup;
			children = (
				AFB886F5EEE65E3DFB386241 /* Pods_Babylon_demo_project.framework */,
			);
			name = Frameworks;
			sourceTree = "<group>";
		};
/* End PBXGroup section */

/* Begin PBXNativeTarget section */
		72DE4F341F986EEB0098C705 /* Babylon demo project */ = {
			isa = PBXNativeTarget;
			buildConfigurationList = 72DE4F471F986EEB0098C705 /* Build configuration list for PBXNativeTarget "Babylon demo project" */;
			buildPhases = (
				FE83999E51E03CA77B901279 /* [CP] Check Pods Manifest.lock */,
				72DE4F311F986EEB0098C705 /* Sources */,
				72DE4F321F986EEB0098C705 /* Frameworks */,
				72DE4F331F986EEB0098C705 /* Resources */,
				6A085B0F9E14F57BD1CB1528 /* [CP] Embed Pods Frameworks */,
				0A8112BB03822086F01F8720 /* [CP] Copy Pods Resources */,
			);
			buildRules = (
			);
			dependencies = (
			);
			name = "Babylon demo project";
			productName = "Babylon demo project";
			productReference = 72DE4F351F986EEB0098C705 /* Babylon demo project.app */;
			productType = "com.apple.product-type.application";
		};
/* End PBXNativeTarget section */

/* Begin PBXProject section */
		72DE4F2D1F986EEB0098C705 /* Project object */ = {
			isa = PBXProject;
			attributes = {
				LastSwiftUpdateCheck = 0900;
				LastUpgradeCheck = 0900;
				ORGANIZATIONNAME = "Zhu xiaojin";
				TargetAttributes = {
					72DE4F341F986EEB0098C705 = {
						CreatedOnToolsVersion = 9.0;
						ProvisioningStyle = Automatic;
					};
				};
			};
			buildConfigurationList = 72DE4F301F986EEB0098C705 /* Build configuration list for PBXProject "Babylon demo project" */;
			compatibilityVersion = "Xcode 8.0";
			developmentRegion = en;
			hasScannedForEncodings = 0;
			knownRegions = (
				en,
				Base,
			);
			mainGroup = 72DE4F2C1F986EEB0098C705;
			productRefGroup = 72DE4F361F986EEB0098C705 /* Products */;
			projectDirPath = "";
			projectRoot = "";
			targets = (
				72DE4F341F986EEB0098C705 /* Babylon demo project */,
			);
		};
/* End PBXProject section */

/* Begin PBXResourcesBuildPhase section */
		72DE4F331F986EEB0098C705 /* Resources */ = {
			isa = PBXResourcesBuildPhase;
			buildActionMask = 2147483647;
			files = (
				72DE4F511F9870520098C705 /* Podfile in Resources */,
				72DE4F431F986EEB0098C705 /* LaunchScreen.storyboard in Resources */,
				72DE4F401F986EEB0098C705 /* Assets.xcassets in Resources */,
				72DE4F3E1F986EEB0098C705 /* Main.storyboard in Resources */,
			);
			runOnlyForDeploymentPostprocessing = 0;
		};
/* End PBXResourcesBuildPhase section */

/* Begin PBXShellScriptBuildPhase section */
		0A8112BB03822086F01F8720 /* [CP] Copy Pods Resources */ = {
			isa = PBXShellScriptBuildPhase;
			buildActionMask = 2147483647;
			files = (
			);
			inputPaths = (
			);
			name = "[CP] Copy Pods Resources";
			outputPaths = (
			);
			runOnlyForDeploymentPostprocessing = 0;
			shellPath = /bin/sh;
			shellScript = "\"${SRCROOT}/Pods/Target Support Files/Pods-Babylon demo project/Pods-Babylon demo project-resources.sh\"\n";
			showEnvVarsInLog = 0;
		};
		6A085B0F9E14F57BD1CB1528 /* [CP] Embed Pods Frameworks */ = {
			isa = PBXShellScriptBuildPhase;
			buildActionMask = 2147483647;
			files = (
			);
			inputPaths = (
				"${SRCROOT}/Pods/Target Support Files/Pods-Babylon demo project/Pods-Babylon demo project-frameworks.sh",
				"${BUILT_PRODUCTS_DIR}/Alamofire/Alamofire.framework",
				"${BUILT_PRODUCTS_DIR}/Moya/Moya.framework",
				"${BUILT_PRODUCTS_DIR}/Result/Result.framework",
				"${BUILT_PRODUCTS_DIR}/SwiftyJSON/SwiftyJSON.framework",
			);
			name = "[CP] Embed Pods Frameworks";
			outputPaths = (
				"${TARGET_BUILD_DIR}/${FRAMEWORKS_FOLDER_PATH}/Alamofire.framework",
				"${TARGET_BUILD_DIR}/${FRAMEWORKS_FOLDER_PATH}/Moya.framework",
				"${TARGET_BUILD_DIR}/${FRAMEWORKS_FOLDER_PATH}/Result.framework",
				"${TARGET_BUILD_DIR}/${FRAMEWORKS_FOLDER_PATH}/SwiftyJSON.framework",
			);
			runOnlyForDeploymentPostprocessing = 0;
			shellPath = /bin/sh;
			shellScript = "\"${SRCROOT}/Pods/Target Support Files/Pods-Babylon demo project/Pods-Babylon demo project-frameworks.sh\"\n";
			showEnvVarsInLog = 0;
		};
		FE83999E51E03CA77B901279 /* [CP] Check Pods Manifest.lock */ = {
			isa = PBXShellScriptBuildPhase;
			buildActionMask = 2147483647;
			files = (
			);
			inputPaths = (
				"${PODS_PODFILE_DIR_PATH}/Podfile.lock",
				"${PODS_ROOT}/Manifest.lock",
			);
			name = "[CP] Check Pods Manifest.lock";
			outputPaths = (
				"$(DERIVED_FILE_DIR)/Pods-Babylon demo project-checkManifestLockResult.txt",
			);
			runOnlyForDeploymentPostprocessing = 0;
			shellPath = /bin/sh;
			shellScript = "diff \"${PODS_PODFILE_DIR_PATH}/Podfile.lock\" \"${PODS_ROOT}/Manifest.lock\" > /dev/null\nif [ $? != 0 ] ; then\n    # print error to STDERR\n    echo \"error: The sandbox is not in sync with the Podfile.lock. Run 'pod install' or update your CocoaPods installation.\" >&2\n    exit 1\nfi\n# This output is used by Xcode 'outputs' to avoid re-running this script phase.\necho \"SUCCESS\" > \"${SCRIPT_OUTPUT_FILE_0}\"\n";
			showEnvVarsInLog = 0;
		};
/* End PBXShellScriptBuildPhase section */

/* Begin PBXSourcesBuildPhase section */
		72DE4F311F986EEB0098C705 /* Sources */ = {
			isa = PBXSourcesBuildPhase;
			buildActionMask = 2147483647;
			files = (
				72DE4F7A1FA708320098C705 /* NetworkService.swift in Sources */,
				72DE4F781FA5DD0D0098C705 /* Users.swift in Sources */,
				72DE4F391F986EEB0098C705 /* AppDelegate.swift in Sources */,
				72DE4F4C1F986F940098C705 /* PostTableViewController.swift in Sources */,
				72DE4F531F9873EE0098C705 /* Post.swift in Sources */,
				72DE4F7C1FA727BA0098C705 /* Comments.swift in Sources */,
			);
			runOnlyForDeploymentPostprocessing = 0;
		};
/* End PBXSourcesBuildPhase section */

/* Begin PBXVariantGroup section */
		72DE4F3C1F986EEB0098C705 /* Main.storyboard */ = {
			isa = PBXVariantGroup;
			children = (
				72DE4F3D1F986EEB0098C705 /* Base */,
			);
			name = Main.storyboard;
			sourceTree = "<group>";
		};
		72DE4F411F986EEB0098C705 /* LaunchScreen.storyboard */ = {
			isa = PBXVariantGroup;
			children = (
				72DE4F421F986EEB0098C705 /* Base */,
			);
			name = LaunchScreen.storyboard;
			sourceTree = "<group>";
		};
/* End PBXVariantGroup section */

/* Begin XCBuildConfiguration section */
		72DE4F451F986EEB0098C705 /* Debug */ = {
			isa = XCBuildConfiguration;
			buildSettings = {
				ALWAYS_SEARCH_USER_PATHS = NO;
				CLANG_ANALYZER_NONNULL = YES;
				CLANG_ANALYZER_NUMBER_OBJECT_CONVERSION = YES_AGGRESSIVE;
				CLANG_CXX_LANGUAGE_STANDARD = "gnu++14";
				CLANG_CXX_LIBRARY = "libc++";
				CLANG_ENABLE_MODULES = YES;
				CLANG_ENABLE_OBJC_ARC = YES;
				CLANG_WARN_BLOCK_CAPTURE_AUTORELEASING = YES;
				CLANG_WARN_BOOL_CONVERSION = YES;
				CLANG_WARN_COMMA = YES;
				CLANG_WARN_CONSTANT_CONVERSION = YES;
				CLANG_WARN_DIRECT_OBJC_ISA_USAGE = YES_ERROR;
				CLANG_WARN_DOCUMENTATION_COMMENTS = YES;
				CLANG_WARN_EMPTY_BODY = YES;
				CLANG_WARN_ENUM_CONVERSION = YES;
				CLANG_WARN_INFINITE_RECURSION = YES;
				CLANG_WARN_INT_CONVERSION = YES;
				CLANG_WARN_NON_LITERAL_NULL_CONVERSION = YES;
				CLANG_WARN_OBJC_LITERAL_CONVERSION = YES;
				CLANG_WARN_OBJC_ROOT_CLASS = YES_ERROR;
				CLANG_WARN_RANGE_LOOP_ANALYSIS = YES;
				CLANG_WARN_STRICT_PROTOTYPES = YES;
				CLANG_WARN_SUSPICIOUS_MOVE = YES;
				CLANG_WARN_UNGUARDED_AVAILABILITY = YES_AGGRESSIVE;
				CLANG_WARN_UNREACHABLE_CODE = YES;
				CLANG_WARN__DUPLICATE_METHOD_MATCH = YES;
				CODE_SIGN_IDENTITY = "iPhone Developer";
				COPY_PHASE_STRIP = NO;
				DEBUG_INFORMATION_FORMAT = dwarf;
				ENABLE_STRICT_OBJC_MSGSEND = YES;
				ENABLE_TESTABILITY = YES;
				GCC_C_LANGUAGE_STANDARD = gnu11;
				GCC_DYNAMIC_NO_PIC = NO;
				GCC_NO_COMMON_BLOCKS = YES;
				GCC_OPTIMIZATION_LEVEL = 0;
				GCC_PREPROCESSOR_DEFINITIONS = (
					"DEBUG=1",
					"$(inherited)",
				);
				GCC_WARN_64_TO_32_BIT_CONVERSION = YES;
				GCC_WARN_ABOUT_RETURN_TYPE = YES_ERROR;
				GCC_WARN_UNDECLARED_SELECTOR = YES;
				GCC_WARN_UNINITIALIZED_AUTOS = YES_AGGRESSIVE;
				GCC_WARN_UNUSED_FUNCTION = YES;
				GCC_WARN_UNUSED_VARIABLE = YES;
				IPHONEOS_DEPLOYMENT_TARGET = 11.0;
				MTL_ENABLE_DEBUG_INFO = YES;
				ONLY_ACTIVE_ARCH = YES;
				SDKROOT = iphoneos;
				SWIFT_ACTIVE_COMPILATION_CONDITIONS = DEBUG;
				SWIFT_OPTIMIZATION_LEVEL = "-Onone";
			};
			name = Debug;
		};
		72DE4F461F986EEB0098C705 /* Release */ = {
			isa = XCBuildConfiguration;
			buildSettings = {
				ALWAYS_SEARCH_USER_PATHS = NO;
				CLANG_ANALYZER_NONNULL = YES;
				CLANG_ANALYZER_NUMBER_OBJECT_CONVERSION = YES_AGGRESSIVE;
				CLANG_CXX_LANGUAGE_STANDARD = "gnu++14";
				CLANG_CXX_LIBRARY = "libc++";
				CLANG_ENABLE_MODULES = YES;
				CLANG_ENABLE_OBJC_ARC = YES;
				CLANG_WARN_BLOCK_CAPTURE_AUTORELEASING = YES;
				CLANG_WARN_BOOL_CONVERSION = YES;
				CLANG_WARN_COMMA = YES;
				CLANG_WARN_CONSTANT_CONVERSION = YES;
				CLANG_WARN_DIRECT_OBJC_ISA_USAGE = YES_ERROR;
				CLANG_WARN_DOCUMENTATION_COMMENTS = YES;
				CLANG_WARN_EMPTY_BODY = YES;
				CLANG_WARN_ENUM_CONVERSION = YES;
				CLANG_WARN_INFINITE_RECURSION = YES;
				CLANG_WARN_INT_CONVERSION = YES;
				CLANG_WARN_NON_LITERAL_NULL_CONVERSION = YES;
				CLANG_WARN_OBJC_LITERAL_CONVERSION = YES;
				CLANG_WARN_OBJC_ROOT_CLASS = YES_ERROR;
				CLANG_WARN_RANGE_LOOP_ANALYSIS = YES;
				CLANG_WARN_STRICT_PROTOTYPES = YES;
				CLANG_WARN_SUSPICIOUS_MOVE = YES;
				CLANG_WARN_UNGUARDED_AVAILABILITY = YES_AGGRESSIVE;
				CLANG_WARN_UNREACHABLE_CODE = YES;
				CLANG_WARN__DUPLICATE_METHOD_MATCH = YES;
				CODE_SIGN_IDENTITY = "iPhone Developer";
				COPY_PHASE_STRIP = NO;
				DEBUG_INFORMATION_FORMAT = "dwarf-with-dsym";
				ENABLE_NS_ASSERTIONS = NO;
				ENABLE_STRICT_OBJC_MSGSEND = YES;
				GCC_C_LANGUAGE_STANDARD = gnu11;
				GCC_NO_COMMON_BLOCKS = YES;
				GCC_WARN_64_TO_32_BIT_CONVERSION = YES;
				GCC_WARN_ABOUT_RETURN_TYPE = YES_ERROR;
				GCC_WARN_UNDECLARED_SELECTOR = YES;
				GCC_WARN_UNINITIALIZED_AUTOS = YES_AGGRESSIVE;
				GCC_WARN_UNUSED_FUNCTION = YES;
				GCC_WARN_UNUSED_VARIABLE = YES;
				IPHONEOS_DEPLOYMENT_TARGET = 11.0;
				MTL_ENABLE_DEBUG_INFO = NO;
				SDKROOT = iphoneos;
				SWIFT_OPTIMIZATION_LEVEL = "-Owholemodule";
				VALIDATE_PRODUCT = YES;
			};
			name = Release;
		};
		72DE4F481F986EEB0098C705 /* Debug */ = {
			isa = XCBuildConfiguration;
			baseConfigurationReference = CAB8F5962E742EA18368CCDA /* Pods-Babylon demo project.debug.xcconfig */;
			buildSettings = {
				ASSETCATALOG_COMPILER_APPICON_NAME = AppIcon;
				CODE_SIGN_STYLE = Automatic;
				DEVELOPMENT_TEAM = 5PZLNY7S48;
				INFOPLIST_FILE = "Babylon demo project/Info.plist";
				LD_RUNPATH_SEARCH_PATHS = "$(inherited) @executable_path/Frameworks";
				PRODUCT_BUNDLE_IDENTIFIER = "ch.Babylon-demo-project";
				PRODUCT_NAME = "$(TARGET_NAME)";
				SWIFT_VERSION = 4.0;
				TARGETED_DEVICE_FAMILY = "1,2";
			};
			name = Debug;
		};
		72DE4F491F986EEB0098C705 /* Release */ = {
			isa = XCBuildConfiguration;
			baseConfigurationReference = 86C8856CD9D43B9F35206ED2 /* Pods-Babylon demo project.release.xcconfig */;
			buildSettings = {
				ASSETCATALOG_COMPILER_APPICON_NAME = AppIcon;
				CODE_SIGN_STYLE = Automatic;
				DEVELOPMENT_TEAM = 5PZLNY7S48;
				INFOPLIST_FILE = "Babylon demo project/Info.plist";
				LD_RUNPATH_SEARCH_PATHS = "$(inherited) @executable_path/Frameworks";
				PRODUCT_BUNDLE_IDENTIFIER = "ch.Babylon-demo-project";
				PRODUCT_NAME = "$(TARGET_NAME)";
				SWIFT_VERSION = 4.0;
				TARGETED_DEVICE_FAMILY = "1,2";
			};
			name = Release;
		};
/* End XCBuildConfiguration section */

/* Begin XCConfigurationList section */
		72DE4F301F986EEB0098C705 /* Build configuration list for PBXProject "Babylon demo project" */ = {
			isa = XCConfigurationList;
			buildConfigurations = (
				72DE4F451F986EEB0098C705 /* Debug */,
				72DE4F461F986EEB0098C705 /* Release */,
			);
			defaultConfigurationIsVisible = 0;
			defaultConfigurationName = Release;
		};
		72DE4F471F986EEB0098C705 /* Build configuration list for PBXNativeTarget "Babylon demo project" */ = {
			isa = XCConfigurationList;
			buildConfigurations = (
				72DE4F481F986EEB0098C705 /* Debug */,
				72DE4F491F986EEB0098C705 /* Release */,
			);
			defaultConfigurationIsVisible = 0;
			defaultConfigurationName = Release;
		};
/* End XCConfigurationList section */
	};
	rootObject = 72DE4F2D1F986EEB0098C705 /* Project object */;
}
